// !$*UTF8*$!
{
	archiveVersion = 1;
	classes = {
	};
	objectVersion = 46;
	objects = {

/* Begin PBXBuildFile section */
		75FFF9F21961448A00BEC699 /* Foundation.framework in Frameworks */ = {isa = PBXBuildFile; fileRef = 75FFF9F11961448A00BEC699 /* Foundation.framework */; };
		75FFF9F41961448A00BEC699 /* CoreGraphics.framework in Frameworks */ = {isa = PBXBuildFile; fileRef = 75FFF9F31961448A00BEC699 /* CoreGraphics.framework */; };
		75FFF9F61961448A00BEC699 /* UIKit.framework in Frameworks */ = {isa = PBXBuildFile; fileRef = 75FFF9F51961448A00BEC699 /* UIKit.framework */; };
		75FFF9FC1961448A00BEC699 /* InfoPlist.strings in Resources */ = {isa = PBXBuildFile; fileRef = 75FFF9FA1961448A00BEC699 /* InfoPlist.strings */; };
		75FFF9FE1961448A00BEC699 /* main.m in Sources */ = {isa = PBXBuildFile; fileRef = 75FFF9FD1961448A00BEC699 /* main.m */; };
		75FFFA021961448A00BEC699 /* AppDelegate.m in Sources */ = {isa = PBXBuildFile; fileRef = 75FFFA011961448A00BEC699 /* AppDelegate.m */; };
		75FFFA051961448A00BEC699 /* Main.storyboard in Resources */ = {isa = PBXBuildFile; fileRef = 75FFFA031961448A00BEC699 /* Main.storyboard */; };
		75FFFA081961448A00BEC699 /* ViewController.m in Sources */ = {isa = PBXBuildFile; fileRef = 75FFFA071961448A00BEC699 /* ViewController.m */; };
		75FFFA0A1961448A00BEC699 /* Images.xcassets in Resources */ = {isa = PBXBuildFile; fileRef = 75FFFA091961448A00BEC699 /* Images.xcassets */; };
		75FFFA111961448A00BEC699 /* XCTest.framework in Frameworks */ = {isa = PBXBuildFile; fileRef = 75FFFA101961448A00BEC699 /* XCTest.framework */; };
		75FFFA121961448A00BEC699 /* Foundation.framework in Frameworks */ = {isa = PBXBuildFile; fileRef = 75FFF9F11961448A00BEC699 /* Foundation.framework */; };
		75FFFA131961448A00BEC699 /* UIKit.framework in Frameworks */ = {isa = PBXBuildFile; fileRef = 75FFF9F51961448A00BEC699 /* UIKit.framework */; };
		75FFFA1B1961448A00BEC699 /* InfoPlist.strings in Resources */ = {isa = PBXBuildFile; fileRef = 75FFFA191961448A00BEC699 /* InfoPlist.strings */; };
		75FFFA1D1961448A00BEC699 /* NikeRunningAnimationDemoTests.m in Sources */ = {isa = PBXBuildFile; fileRef = 75FFFA1C1961448A00BEC699 /* NikeRunningAnimationDemoTests.m */; };
		75FFFA281961449900BEC699 /* PopinView.m in Sources */ = {isa = PBXBuildFile; fileRef = 75FFFA271961449900BEC699 /* PopinView.m */; };
		75FFFA2D1961451400BEC699 /* diag.png in Resources */ = {isa = PBXBuildFile; fileRef = 75FFFA291961451400BEC699 /* diag.png */; };
		75FFFA2E1961451400BEC699 /* icon.png in Resources */ = {isa = PBXBuildFile; fileRef = 75FFFA2A1961451400BEC699 /* icon.png */; };
		75FFFA2F1961451400BEC699 /* qq.png in Resources */ = {isa = PBXBuildFile; fileRef = 75FFFA2B1961451400BEC699 /* qq.png */; };
		75FFFA301961451400BEC699 /* one.png in Resources */ = {isa = PBXBuildFile; fileRef = 75FFFA2C1961451400BEC699 /* one.png */; };
/* End PBXBuildFile section */

/* Begin PBXContainerItemProxy section */
		75FFFA141961448A00BEC699 /* PBXContainerItemProxy */ = {
			isa = PBXContainerItemProxy;
			containerPortal = 75FFF9E61961448A00BEC699 /* Project object */;
			proxyType = 1;
			remoteGlobalIDString = 75FFF9ED1961448A00BEC699;
			remoteInfo = NikeRunningAnimationDemo;
		};
/* End PBXContainerItemProxy section */

/* Begin PBXFileReference section */
		75FFF9EE1961448A00BEC699 /* NikeRunningAnimationDemo.app */ = {isa = PBXFileReference; explicitFileType = wrapper.application; includeInIndex = 0; path = NikeRunningAnimationDemo.app; sourceTree = BUILT_PRODUCTS_DIR; };
		75FFF9F11961448A00BEC699 /* Foundation.framework */ = {isa = PBXFileReference; lastKnownFileType = wrapper.framework; name = Foundation.framework; path = System/Library/Frameworks/Foundation.framework; sourceTree = SDKROOT; };
		75FFF9F31961448A00BEC699 /* CoreGraphics.framework */ = {isa = PBXFileReference; lastKnownFileType = wrapper.framework; name = CoreGraphics.framework; path = System/Library/Frameworks/CoreGraphics.framework; sourceTree = SDKROOT; };
		75FFF9F51961448A00BEC699 /* UIKit.framework */ = {isa = PBXFileReference; lastKnownFileType = wrapper.framework; name = UIKit.framework; path = System/Library/Frameworks/UIKit.framework; sourceTree = SDKROOT; };
		75FFF9F91961448A00BEC699 /* NikeRunningAnimationDemo-Info.plist */ = {isa = PBXFileReference; lastKnownFileType = text.plist.xml; path = "NikeRunningAnimationDemo-Info.plist"; sourceTree = "<group>"; };
		75FFF9FB1961448A00BEC699 /* en */ = {isa = PBXFileReference; lastKnownFileType = text.plist.strings; name = en; path = en.lproj/InfoPlist.strings; sourceTree = "<group>"; };
		75FFF9FD1961448A00BEC699 /* main.m */ = {isa = PBXFileReference; lastKnownFileType = sourcecode.c.objc; path = main.m; sourceTree = "<group>"; };
		75FFF9FF1961448A00BEC699 /* NikeRunningAnimationDemo-Prefix.pch */ = {isa = PBXFileReference; lastKnownFileType = sourcecode.c.h; path = "NikeRunningAnimationDemo-Prefix.pch"; sourceTree = "<group>"; };
		75FFFA001961448A00BEC699 /* AppDelegate.h */ = {isa = PBXFileReference; lastKnownFileType = sourcecode.c.h; path = AppDelegate.h; sourceTree = "<group>"; };
		75FFFA011961448A00BEC699 /* AppDelegate.m */ = {isa = PBXFileReference; lastKnownFileType = sourcecode.c.objc; path = AppDelegate.m; sourceTree = "<group>"; };
		75FFFA041961448A00BEC699 /* Base */ = {isa = PBXFileReference; lastKnownFileType = file.storyboard; name = Base; path = Base.lproj/Main.storyboard; sourceTree = "<group>"; };
		75FFFA061961448A00BEC699 /* ViewController.h */ = {isa = PBXFileReference; lastKnownFileType = sourcecode.c.h; path = ViewController.h; sourceTree = "<group>"; };
		75FFFA071961448A00BEC699 /* ViewController.m */ = {isa = PBXFileReference; lastKnownFileType = sourcecode.c.objc; path = ViewController.m; sourceTree = "<group>"; };
		75FFFA091961448A00BEC699 /* Images.xcassets */ = {isa = PBXFileReference; lastKnownFileType = folder.assetcatalog; path = Images.xcassets; sourceTree = "<group>"; };
		75FFFA0F1961448A00BEC699 /* NikeRunningAnimationDemoTests.xctest */ = {isa = PBXFileReference; explicitFileType = wrapper.cfbundle; includeInIndex = 0; path = NikeRunningAnimationDemoTests.xctest; sourceTree = BUILT_PRODUCTS_DIR; };
		75FFFA101961448A00BEC699 /* XCTest.framework */ = {isa = PBXFileReference; lastKnownFileType = wrapper.framework; name = XCTest.framework; path = Library/Frameworks/XCTest.framework; sourceTree = DEVELOPER_DIR; };
		75FFFA181961448A00BEC699 /* NikeRunningAnimationDemoTests-Info.plist */ = {isa = PBXFileReference; lastKnownFileType = text.plist.xml; path = "NikeRunningAnimationDemoTests-Info.plist"; sourceTree = "<group>"; };
		75FFFA1A1961448A00BEC699 /* en */ = {isa = PBXFileReference; lastKnownFileType = text.plist.strings; name = en; path = en.lproj/InfoPlist.strings; sourceTree = "<group>"; };
		75FFFA1C1961448A00BEC699 /* NikeRunningAnimationDemoTests.m */ = {isa = PBXFileReference; lastKnownFileType = sourcecode.c.objc; path = NikeRunningAnimationDemoTests.m; sourceTree = "<group>"; };
		75FFFA261961449900BEC699 /* PopinView.h */ = {isa = PBXFileReference; fileEncoding = 4; lastKnownFileType = sourcecode.c.h; path = PopinView.h; sourceTree = "<group>"; };
		75FFFA271961449900BEC699 /* PopinView.m */ = {isa = PBXFileReference; fileEncoding = 4; lastKnownFileType = sourcecode.c.objc; path = PopinView.m; sourceTree = "<group>"; };
		75FFFA291961451400BEC699 /* diag.png */ = {isa = PBXFileReference; lastKnownFileType = image.png; path = diag.png; sourceTree = "<group>"; };
		75FFFA2A1961451400BEC699 /* icon.png */ = {isa = PBXFileReference; lastKnownFileType = image.png; path = icon.png; sourceTree = "<group>"; };
		75FFFA2B1961451400BEC699 /* qq.png */ = {isa = PBXFileReference; lastKnownFileType = image.png; path = qq.png; sourceTree = "<group>"; };
		75FFFA2C1961451400BEC699 /* one.png */ = {isa = PBXFileReference; lastKnownFileType = image.png; path = one.png; sourceTree = "<group>"; };
/* End PBXFileReference section */

/* Begin PBXFrameworksBuildPhase section */
		75FFF9EB1961448A00BEC699 /* Frameworks */ = {
			isa = PBXFrameworksBuildPhase;
			buildActionMask = 2147483647;
			files = (
				75FFF9F41961448A00BEC699 /* CoreGraphics.framework in Frameworks */,
				75FFF9F61961448A00BEC699 /* UIKit.framework in Frameworks */,
				75FFF9F21961448A00BEC699 /* Foundation.framework in Frameworks */,
			);
			runOnlyForDeploymentPostprocessing = 0;
		};
		75FFFA0C1961448A00BEC699 /* Frameworks */ = {
			isa = PBXFrameworksBuildPhase;
			buildActionMask = 2147483647;
			files = (
				75FFFA111961448A00BEC699 /* XCTest.framework in Frameworks */,
				75FFFA131961448A00BEC699 /* UIKit.framework in Frameworks */,
				75FFFA121961448A00BEC699 /* Foundation.framework in Frameworks */,
			);
			runOnlyForDeploymentPostprocessing = 0;
		};
/* End PBXFrameworksBuildPhase section */

/* Begin PBXGroup section */
		75FFF9E51961448A00BEC699 = {
			isa = PBXGroup;
			children = (
				75FFF9F71961448A00BEC699 /* NikeRunningAnimationDemo */,
				75FFFA161961448A00BEC699 /* NikeRunningAnimationDemoTests */,
				75FFF9F01961448A00BEC699 /* Frameworks */,
				75FFF9EF1961448A00BEC699 /* Products */,
			);
			sourceTree = "<group>";
		};
		75FFF9EF1961448A00BEC699 /* Products */ = {
			isa = PBXGroup;
			children = (
				75FFF9EE1961448A00BEC699 /* NikeRunningAnimationDemo.app */,
				75FFFA0F1961448A00BEC699 /* NikeRunningAnimationDemoTests.xctest */,
			);
			name = Products;
			sourceTree = "<group>";
		};
		75FFF9F01961448A00BEC699 /* Frameworks */ = {
			isa = PBXGroup;
			children = (
				75FFF9F11961448A00BEC699 /* Foundation.framework */,
				75FFF9F31961448A00BEC699 /* CoreGraphics.framework */,
				75FFF9F51961448A00BEC699 /* UIKit.framework */,
				75FFFA101961448A00BEC699 /* XCTest.framework */,
			);
			name = Frameworks;
			sourceTree = "<group>";
		};
		75FFF9F71961448A00BEC699 /* NikeRunningAnimationDemo */ = {
			isa = PBXGroup;
			children = (
				75FFFA261961449900BEC699 /* PopinView.h */,
				75FFFA271961449900BEC699 /* PopinView.m */,
				75FFFA001961448A00BEC699 /* AppDelegate.h */,
				75FFFA011961448A00BEC699 /* AppDelegate.m */,
				75FFFA031961448A00BEC699 /* Main.storyboard */,
				75FFFA061961448A00BEC699 /* ViewController.h */,
				75FFFA071961448A00BEC699 /* ViewController.m */,
				75FFFA291961451400BEC699 /* diag.png */,
				75FFFA2A1961451400BEC699 /* icon.png */,
				75FFFA2B1961451400BEC699 /* qq.png */,
				75FFFA2C1961451400BEC699 /* one.png */,
				75FFFA091961448A00BEC699 /* Images.xcassets */,
				75FFF9F81961448A00BEC699 /* Supporting Files */,
			);
			path = NikeRunningAnimationDemo;
			sourceTree = "<group>";
		};
		75FFF9F81961448A00BEC699 /* Supporting Files */ = {
			isa = PBXGroup;
			children = (
				75FFF9F91961448A00BEC699 /* NikeRunningAnimationDemo-Info.plist */,
				75FFF9FA1961448A00BEC699 /* InfoPlist.strings */,
				75FFF9FD1961448A00BEC699 /* main.m */,
				75FFF9FF1961448A00BEC699 /* NikeRunningAnimationDemo-Prefix.pch */,
			);
			name = "Supporting Files";
			sourceTree = "<group>";
		};
		75FFFA161961448A00BEC699 /* NikeRunningAnimationDemoTests */ = {
			isa = PBXGroup;
			children = (
				75FFFA1C1961448A00BEC699 /* NikeRunningAnimationDemoTests.m */,
				75FFFA171961448A00BEC699 /* Supporting Files */,
			);
			path = NikeRunningAnimationDemoTests;
			sourceTree = "<group>";
		};
		75FFFA171961448A00BEC699 /* Supporting Files */ = {
			isa = PBXGroup;
			children = (
				75FFFA181961448A00BEC699 /* NikeRunningAnimationDemoTests-Info.plist */,
				75FFFA191961448A00BEC699 /* InfoPlist.strings */,
			);
			name = "Supporting Files";
			sourceTree = "<group>";
		};
/* End PBXGroup section */

/* Begin PBXNativeTarget section */
		75FFF9ED1961448A00BEC699 /* NikeRunningAnimationDemo */ = {
			isa = PBXNativeTarget;
			buildConfigurationList = 75FFFA201961448A00BEC699 /* Build configuration list for PBXNativeTarget "NikeRunningAnimationDemo" */;
			buildPhases = (
				75FFF9EA1961448A00BEC699 /* Sources */,
				75FFF9EB1961448A00BEC699 /* Frameworks */,
				75FFF9EC1961448A00BEC699 /* Resources */,
			);
			buildRules = (
			);
			dependencies = (
			);
			name = NikeRunningAnimationDemo;
			productName = NikeRunningAnimationDemo;
			productReference = 75FFF9EE1961448A00BEC699 /* NikeRunningAnimationDemo.app */;
			productType = "com.apple.product-type.application";
		};
		75FFFA0E1961448A00BEC699 /* NikeRunningAnimationDemoTests */ = {
			isa = PBXNativeTarget;
			buildConfigurationList = 75FFFA231961448A00BEC699 /* Build configuration list for PBXNativeTarget "NikeRunningAnimationDemoTests" */;
			buildPhases = (
				75FFFA0B1961448A00BEC699 /* Sources */,
				75FFFA0C1961448A00BEC699 /* Frameworks */,
				75FFFA0D1961448A00BEC699 /* Resources */,
			);
			buildRules = (
			);
			dependencies = (
				75FFFA151961448A00BEC699 /* PBXTargetDependency */,
			);
			name = NikeRunningAnimationDemoTests;
			productName = NikeRunningAnimationDemoTests;
			productReference = 75FFFA0F1961448A00BEC699 /* NikeRunningAnimationDemoTests.xctest */;
			productType = "com.apple.product-type.bundle.unit-test";
		};
/* End PBXNativeTarget section */

/* Begin PBXProject section */
		75FFF9E61961448A00BEC699 /* Project object */ = {
			isa = PBXProject;
			attributes = {
				LastUpgradeCheck = 0510;
				ORGANIZATIONNAME = Baseus;
				TargetAttributes = {
					75FFFA0E1961448A00BEC699 = {
						TestTargetID = 75FFF9ED1961448A00BEC699;
					};
				};
			};
			buildConfigurationList = 75FFF9E91961448A00BEC699 /* Build configuration list for PBXProject "NikeRunningAnimationDemo" */;
			compatibilityVersion = "Xcode 3.2";
			developmentRegion = English;
			hasScannedForEncodings = 0;
			knownRegions = (
				en,
				Base,
			);
			mainGroup = 75FFF9E51961448A00BEC699;
			productRefGroup = 75FFF9EF1961448A00BEC699 /* Products */;
			projectDirPath = "";
			projectRoot = "";
			targets = (
				75FFF9ED1961448A00BEC699 /* NikeRunningAnimationDemo */,
				75FFFA0E1961448A00BEC699 /* NikeRunningAnimationDemoTests */,
			);
		};
/* End PBXProject section */

/* Begin PBXResourcesBuildPhase section */
		75FFF9EC1961448A00BEC699 /* Resources */ = {
			isa = PBXResourcesBuildPhase;
			buildActionMask = 2147483647;
			files = (
				75FFFA2D1961451400BEC699 /* diag.png in Resources */,
				75FFFA2F1961451400BEC699 /* qq.png in Resources */,
				75FFFA2E1961451400BEC699 /* icon.png in Resources */,
				75FFFA0A1961448A00BEC699 /* Images.xcassets in Resources */,
				75FFF9FC1961448A00BEC699 /* InfoPlist.strings in Resources */,
				75FFFA301961451400BEC699 /* one.png in Resources */,
				75FFFA051961448A00BEC699 /* Main.storyboard in Resources */,
			);
			runOnlyForDeploymentPostprocessing = 0;
		};
		75FFFA0D1961448A00BEC699 /* Resources */ = {
			isa = PBXResourcesBuildPhase;
			buildActionMask = 2147483647;
			files = (
				75FFFA1B1961448A00BEC699 /* InfoPlist.strings in Resources */,
			);
			runOnlyForDeploymentPostprocessing = 0;
		};
/* End PBXResourcesBuildPhase section */

/* Begin PBXSourcesBuildPhase section */
		75FFF9EA1961448A00BEC699 /* Sources */ = {
			isa = PBXSourcesBuildPhase;
			buildActionMask = 2147483647;
			files = (
				75FFFA081961448A00BEC699 /* ViewController.m in Sources */,
				75FFFA021961448A00BEC699 /* AppDelegate.m in Sources */,
				75FFF9FE1961448A00BEC699 /* main.m in Sources */,
				75FFFA281961449900BEC699 /* PopinView.m in Sources */,
			);
			runOnlyForDeploymentPostprocessing = 0;
		};
		75FFFA0B1961448A00BEC699 /* Sources */ = {
			isa = PBXSourcesBuildPhase;
			buildActionMask = 2147483647;
			files = (
				75FFFA1D1961448A00BEC699 /* NikeRunningAnimationDemoTests.m in Sources */,
			);
			runOnlyForDeploymentPostprocessing = 0;
		};
/* End PBXSourcesBuildPhase section */

/* Begin PBXTargetDependency section */
		75FFFA151961448A00BEC699 /* PBXTargetDependency */ = {
			isa = PBXTargetDependency;
			target = 75FFF9ED1961448A00BEC699 /* NikeRunningAnimationDemo */;
			targetProxy = 75FFFA141961448A00BEC699 /* PBXContainerItemProxy */;
		};
/* End PBXTargetDependency section */

/* Begin PBXVariantGroup section */
		75FFF9FA1961448A00BEC699 /* InfoPlist.strings */ = {
			isa = PBXVariantGroup;
			children = (
				75FFF9FB1961448A00BEC699 /* en */,
			);
			name = InfoPlist.strings;
			sourceTree = "<group>";
		};
		75FFFA031961448A00BEC699 /* Main.storyboard */ = {
			isa = PBXVariantGroup;
			children = (
				75FFFA041961448A00BEC699 /* Base */,
			);
			name = Main.storyboard;
			sourceTree = "<group>";
		};
		75FFFA191961448A00BEC699 /* InfoPlist.strings */ = {
			isa = PBXVariantGroup;
			children = (
				75FFFA1A1961448A00BEC699 /* en */,
			);
			name = InfoPlist.strings;
			sourceTree = "<group>";
		};
/* End PBXVariantGroup section */

/* Begin XCBuildConfiguration section */
		75FFFA1E1961448A00BEC699 /* Debug */ = {
			isa = XCBuildConfiguration;
			buildSettings = {
				ALWAYS_SEARCH_USER_PATHS = NO;
				CLANG_CXX_LANGUAGE_STANDARD = "gnu++0x";
				CLANG_CXX_LIBRARY = "libc++";
				CLANG_ENABLE_MODULES = YES;
				CLANG_ENABLE_OBJC_ARC = YES;
				CLANG_WARN_BOOL_CONVERSION = YES;
				CLANG_WARN_CONSTANT_CONVERSION = YES;
				CLANG_WARN_DIRECT_OBJC_ISA_USAGE = YES_ERROR;
				CLANG_WARN_EMPTY_BODY = YES;
				CLANG_WARN_ENUM_CONVERSION = YES;
				CLANG_WARN_INT_CONVERSION = YES;
				CLANG_WARN_OBJC_ROOT_CLASS = YES_ERROR;
				CLANG_WARN__DUPLICATE_METHOD_MATCH = YES;
				"CODE_SIGN_IDENTITY[sdk=iphoneos*]" = "iPhone Developer";
				COPY_PHASE_STRIP = NO;
				GCC_C_LANGUAGE_STANDARD = gnu99;
				GCC_DYNAMIC_NO_PIC = NO;
				GCC_OPTIMIZATION_LEVEL = 0;
				GCC_PREPROCESSOR_DEFINITIONS = (
					"DEBUG=1",
					"$(inherited)",
				);
				GCC_SYMBOLS_PRIVATE_EXTERN = NO;
				GCC_WARN_64_TO_32_BIT_CONVERSION = YES;
				GCC_WARN_ABOUT_RETURN_TYPE = YES_ERROR;
				GCC_WARN_UNDECLARED_SELECTOR = YES;
				GCC_WARN_UNINITIALIZED_AUTOS = YES_AGGRESSIVE;
				GCC_WARN_UNUSED_FUNCTION = YES;
				GCC_WARN_UNUSED_VARIABLE = YES;
				IPHONEOS_DEPLOYMENT_TARGET = 7.1;
				ONLY_ACTIVE_ARCH = YES;
				SDKROOT = iphoneos;
			};
			name = Debug;
		};
		75FFFA1F1961448A00BEC699 /* Release */ = {
			isa = XCBuildConfiguration;
			buildSettings = {
				ALWAYS_SEARCH_USER_PATHS = NO;
				CLANG_CXX_LANGUAGE_STANDARD = "gnu++0x";
				CLANG_CXX_LIBRARY = "libc++";
				CLANG_ENABLE_MODULES = YES;
				CLANG_ENABLE_OBJC_ARC = YES;
				CLANG_WARN_BOOL_CONVERSION = YES;
				CLANG_WARN_CONSTANT_CONVERSION = YES;
				CLANG_WARN_DIRECT_OBJC_ISA_USAGE = YES_ERROR;
				CLANG_WARN_EMPTY_BODY = YES;
				CLANG_WARN_ENUM_CONVERSION = YES;
				CLANG_WARN_INT_CONVERSION = YES;
				CLANG_WARN_OBJC_ROOT_CLASS = YES_ERROR;
				CLANG_WARN__DUPLICATE_METHOD_MATCH = YES;
				"CODE_SIGN_IDENTITY[sdk=iphoneos*]" = "iPhone Developer";
				COPY_PHASE_STRIP = YES;
				ENABLE_NS_ASSERTIONS = NO;
				GCC_C_LANGUAGE_STANDARD = gnu99;
				GCC_WARN_64_TO_32_BIT_CONVERSION = YES;
				GCC_WARN_ABOUT_RETURN_TYPE = YES_ERROR;
				GCC_WARN_UNDECLARED_SELECTOR = YES;
				GCC_WARN_UNINITIALIZED_AUTOS = YES_AGGRESSIVE;
				GCC_WARN_UNUSED_FUNCTION = YES;
				GCC_WARN_UNUSED_VARIABLE = YES;
				IPHONEOS_DEPLOYMENT_TARGET = 7.1;
				SDKROOT = iphoneos;
				VALIDATE_PRODUCT = YES;
			};
			name = Release;
		};
		75FFFA211961448A00BEC699 /* Debug */ = {
			isa = XCBuildConfiguration;
			buildSettings = {
				ASSETCATALOG_COMPILER_APPICON_NAME = AppIcon;
				ASSETCATALOG_COMPILER_LAUNCHIMAGE_NAME = LaunchImage;
				GCC_PRECOMPILE_PREFIX_HEADER = YES;
				GCC_PREFIX_HEADER = "NikeRunningAnimationDemo/NikeRunningAnimationDemo-Prefix.pch";
				INFOPLIST_FILE = "NikeRunningAnimationDemo/NikeRunningAnimationDemo-Info.plist";
				PRODUCT_NAME = "$(TARGET_NAME)";
				WRAPPER_EXTENSION = app;
			};
			name = Debug;
		};
		75FFFA221961448A00BEC699 /* Release */ = {
			isa = XCBuildConfiguration;
			buildSettings = {
				ASSETCATALOG_COMPILER_APPICON_NAME = AppIcon;
				ASSETCATALOG_COMPILER_LAUNCHIMAGE_NAME = LaunchImage;
				GCC_PRECOMPILE_PREFIX_HEADER = YES;
				GCC_PREFIX_HEADER = "NikeRunningAnimationDemo/NikeRunningAnimationDemo-Prefix.pch";
				INFOPLIST_FILE = "NikeRunningAnimationDemo/NikeRunningAnimationDemo-Info.plist";
				PRODUCT_NAME = "$(TARGET_NAME)";
				WRAPPER_EXTENSION = app;
			};
			name = Release;
		};
		75FFFA241961448A00BEC699 /* Debug */ = {
			isa = XCBuildConfiguration;
			buildSettings = {
				BUNDLE_LOADER = "$(BUILT_PRODUCTS_DIR)/NikeRunningAnimationDemo.app/NikeRunningAnimationDemo";
				FRAMEWORK_SEARCH_PATHS = (
					"$(SDKROOT)/Developer/Library/Frameworks",
					"$(inherited)",
					"$(DEVELOPER_FRAMEWORKS_DIR)",
				);
				GCC_PRECOMPILE_PREFIX_HEADER = YES;
				GCC_PREFIX_HEADER = "NikeRunningAnimationDemo/NikeRunningAnimationDemo-Prefix.pch";
				GCC_PREPROCESSOR_DEFINITIONS = (
					"DEBUG=1",
					"$(inherited)",
				);
				INFOPLIST_FILE = "NikeRunningAnimationDemoTests/NikeRunningAnimationDemoTests-Info.plist";
				PRODUCT_NAME = "$(TARGET_NAME)";
				TEST_HOST = "$(BUNDLE_LOADER)";
				WRAPPER_EXTENSION = xctest;
			};
			name = Debug;
		};
		75FFFA251961448A00BEC699 /* Release */ = {
			isa = XCBuildConfiguration;
			buildSettings = {
				BUNDLE_LOADER = "$(BUILT_PRODUCTS_DIR)/NikeRunningAnimationDemo.app/NikeRunningAnimationDemo";
				FRAMEWORK_SEARCH_PATHS = (
					"$(SDKROOT)/Developer/Library/Frameworks",
					"$(inherited)",
					"$(DEVELOPER_FRAMEWORKS_DIR)",
				);
				GCC_PRECOMPILE_PREFIX_HEADER = YES;
				GCC_PREFIX_HEADER = "NikeRunningAnimationDemo/NikeRunningAnimationDemo-Prefix.pch";
				INFOPLIST_FILE = "NikeRunningAnimationDemoTests/NikeRunningAnimationDemoTests-Info.plist";
				PRODUCT_NAME = "$(TARGET_NAME)";
				TEST_HOST = "$(BUNDLE_LOADER)";
				WRAPPER_EXTENSION = xctest;
			};
			name = Release;
		};
/* End XCBuildConfiguration section */

/* Begin XCConfigurationList section */
		75FFF9E91961448A00BEC699 /* Build configuration list for PBXProject "NikeRunningAnimationDemo" */ = {
			isa = XCConfigurationList;
			buildConfigurations = (
				75FFFA1E1961448A00BEC699 /* Debug */,
				75FFFA1F1961448A00BEC699 /* Release */,
			);
			defaultConfigurationIsVisible = 0;
			defaultConfigurationName = Release;
		};
		75FFFA201961448A00BEC699 /* Build configuration list for PBXNativeTarget "NikeRunningAnimationDemo" */ = {
			isa = XCConfigurationList;
			buildConfigurations = (
				75FFFA211961448A00BEC699 /* Debug */,
				75FFFA221961448A00BEC699 /* Release */,
			);
			defaultConfigurationIsVisible = 0;
		};
		75FFFA231961448A00BEC699 /* Build configuration list for PBXNativeTarget "NikeRunningAnimationDemoTests" */ = {
			isa = XCConfigurationList;
			buildConfigurations = (
				75FFFA241961448A00BEC699 /* Debug */,
				75FFFA251961448A00BEC699 /* Release */,
			);
			defaultConfigurationIsVisible = 0;
		};
/* End XCConfigurationList section */
	};
	rootObject = 75FFF9E61961448A00BEC699 /* Project object */;
}
